
Microsoft Visual Studio Solution File, Format Version 12.00
Project("{FAE04EC0-301F-11D3-BF4B-00C04F79EFBC}") = "dotnet.nugit", "dotnet.nugit\dotnet.nugit.csproj", "{E61BF4AE-F2BC-412D-A30E-C1C514D40BAC}"
EndProject
Project("{2150E333-8FDC-42A3-9474-1A3956D46DE8}") = "External", "External", "{3703C65D-0FF8-4BCD-BB5E-CE29334F035B}"
EndProject
Project("{FAE04EC0-301F-11D3-BF4B-00C04F79EFBC}") = "System.CommandLine.Extensions", "..\submodules\command-line-api-extensions\src\System.CommandLine.Extensions\System.CommandLine.Extensions.csproj", "{6326261E-9FD5-4D2E-9F12-E6BEE25BD1AD}"
EndProject
Project("{FAE04EC0-301F-11D3-BF4B-00C04F79EFBC}") = "System.CommandLine.Extensions.SourceGenerators", "..\submodules\command-line-api-extensions\src\System.CommandLine.Extensions.SourceGenerators\System.CommandLine.Extensions.SourceGenerators.csproj", "{1250F3A4-EC67-4E5C-8DF2-8F2D9FB4BEFA}"
EndProject
Global
	GlobalSection(SolutionConfigurationPlatforms) = preSolution
		Debug|Any CPU = Debug|Any CPU
		Release|Any CPU = Release|Any CPU
	EndGlobalSection
	GlobalSection(ProjectConfigurationPlatforms) = postSolution
		{E61BF4AE-F2BC-412D-A30E-C1C514D40BAC}.Debug|Any CPU.ActiveCfg = Debug|Any CPU
		{E61BF4AE-F2BC-412D-A30E-C1C514D40BAC}.Debug|Any CPU.Build.0 = Debug|Any CPU
		{E61BF4AE-F2BC-412D-A30E-C1C514D40BAC}.Release|Any CPU.ActiveCfg = Release|Any CPU
		{E61BF4AE-F2BC-412D-A30E-C1C514D40BAC}.Release|Any CPU.Build.0 = Release|Any CPU
		{6326261E-9FD5-4D2E-9F12-E6BEE25BD1AD}.Debug|Any CPU.ActiveCfg = Debug|Any CPU
		{6326261E-9FD5-4D2E-9F12-E6BEE25BD1AD}.Debug|Any CPU.Build.0 = Debug|Any CPU
		{6326261E-9FD5-4D2E-9F12-E6BEE25BD1AD}.Release|Any CPU.ActiveCfg = Release|Any CPU
		{6326261E-9FD5-4D2E-9F12-E6BEE25BD1AD}.Release|Any CPU.Build.0 = Release|Any CPU
		{1250F3A4-EC67-4E5C-8DF2-8F2D9FB4BEFA}.Debug|Any CPU.ActiveCfg = Debug|Any CPU
		{1250F3A4-EC67-4E5C-8DF2-8F2D9FB4BEFA}.Debug|Any CPU.Build.0 = Debug|Any CPU
		{1250F3A4-EC67-4E5C-8DF2-8F2D9FB4BEFA}.Release|Any CPU.ActiveCfg = Release|Any CPU
		{1250F3A4-EC67-4E5C-8DF2-8F2D9FB4BEFA}.Release|Any CPU.Build.0 = Release|Any CPU
	EndGlobalSection
	GlobalSection(NestedProjects) = preSolution
		{6326261E-9FD5-4D2E-9F12-E6BEE25BD1AD} = {3703C65D-0FF8-4BCD-BB5E-CE29334F035B}
		{1250F3A4-EC67-4E5C-8DF2-8F2D9FB4BEFA} = {3703C65D-0FF8-4BCD-BB5E-CE29334F035B}
	EndGlobalSection
EndGlobal
